
Microsoft Visual Studio Solution File, Format Version 12.00
# Visual Studio Version 16
VisualStudioVersion = 16.0.30804.86
MinimumVisualStudioVersion = 10.0.40219.1
Project("{FAE04EC0-301F-11D3-BF4B-00C04F79EFBC}") = "ConsoleApp2", "ConsoleApp2\ConsoleApp2.csproj", "{40EFF9A7-6497-4946-A7AE-33B943FEF980}"
EndProject
Global
	GlobalSection(SolutionConfigurationPlatforms) = preSolution
		Debug|Any CPU = Debug|Any CPU
		Release|Any CPU = Release|Any CPU
	EndGlobalSection
	GlobalSection(ProjectConfigurationPlatforms) = postSolution
		{40EFF9A7-6497-4946-A7AE-33B943FEF980}.Debug|Any CPU.ActiveCfg = Debug|Any CPU
		{40EFF9A7-6497-4946-A7AE-33B943FEF980}.Debug|Any CPU.Build.0 = Debug|Any CPU
		{40EFF9A7-6497-4946-A7AE-33B943FEF980}.Release|Any CPU.ActiveCfg = Release|Any CPU
		{40EFF9A7-6497-4946-A7AE-33B943FEF980}.Release|Any CPU.Build.0 = Release|Any CPU
	EndGlobalSection
	GlobalSection(SolutionProperties) = preSolution
		HideSolutionNode = FALSE
	EndGlobalSection
	GlobalSection(ExtensibilityGlobals) = postSolution
		SolutionGuid = {9CD5AB90-94E0-4CEB-88A2-B88FCF9F7322}
	EndGlobalSection
EndGlobal
